
Microsoft Visual Studio Solution File, Format Version 12.00
# Visual Studio Version 17
VisualStudioVersion = 17.10.35004.147
MinimumVisualStudioVersion = 10.0.40219.1
Project("{9A19103F-16F7-4668-BE54-9A1E7A4F7556}") = "API", "API\API.csproj", "{0488BE95-CD33-49AE-9727-496E27237DAD}"
EndProject
Project("{FAE04EC0-301F-11D3-BF4B-00C04F79EFBC}") = "Domain", "Domain\Domain.csproj", "{2C86F152-F909-4DDF-8BC9-8541D34D3060}"
EndProject
Project("{FAE04EC0-301F-11D3-BF4B-00C04F79EFBC}") = "Application", "Application\Application.csproj", "{43654D60-9069-448B-80B4-385925971B37}"
EndProject
Global
	GlobalSection(SolutionConfigurationPlatforms) = preSolution
		Debug|Any CPU = Debug|Any CPU
		Release|Any CPU = Release|Any CPU
	EndGlobalSection
	GlobalSection(ProjectConfigurationPlatforms) = postSolution
		{0488BE95-CD33-49AE-9727-496E27237DAD}.Debug|Any CPU.ActiveCfg = Debug|Any CPU
		{0488BE95-CD33-49AE-9727-496E27237DAD}.Debug|Any CPU.Build.0 = Debug|Any CPU
		{0488BE95-CD33-49AE-9727-496E27237DAD}.Release|Any CPU.ActiveCfg = Release|Any CPU
		{0488BE95-CD33-49AE-9727-496E27237DAD}.Release|Any CPU.Build.0 = Release|Any CPU
		{2C86F152-F909-4DDF-8BC9-8541D34D3060}.Debug|Any CPU.ActiveCfg = Debug|Any CPU
		{2C86F152-F909-4DDF-8BC9-8541D34D3060}.Debug|Any CPU.Build.0 = Debug|Any CPU
		{2C86F152-F909-4DDF-8BC9-8541D34D3060}.Release|Any CPU.ActiveCfg = Release|Any CPU
		{2C86F152-F909-4DDF-8BC9-8541D34D3060}.Release|Any CPU.Build.0 = Release|Any CPU
		{43654D60-9069-448B-80B4-385925971B37}.Debug|Any CPU.ActiveCfg = Debug|Any CPU
		{43654D60-9069-448B-80B4-385925971B37}.Debug|Any CPU.Build.0 = Debug|Any CPU
		{43654D60-9069-448B-80B4-385925971B37}.Release|Any CPU.ActiveCfg = Release|Any CPU
		{43654D60-9069-448B-80B4-385925971B37}.Release|Any CPU.Build.0 = Release|Any CPU
	EndGlobalSection
	GlobalSection(SolutionProperties) = preSolution
		HideSolutionNode = FALSE
	EndGlobalSection
	GlobalSection(ExtensibilityGlobals) = postSolution
		SolutionGuid = {FB827DA4-FD12-49A2-8006-4845A3C09467}
	EndGlobalSection
EndGlobal
